{
    "version": 3,
    "terraform_version": "0.9.3",
    "serial": 1,
    "lineage": "b218f0c3-7b53-44b8-b614-4a0d44061f7a",
    "modules": [
        {
            "path": [
                "root"
            ],
            "outputs": {},
            "resources": {
                "google_compute_instance.default": {
                    "type": "google_compute_instance",
                    "depends_on": [],
                    "primary": {
                        "id": "default",
                        "attributes": {
                            "can_ip_forward": "false",
                            "create_timeout": "4",
                            "description": "apt-mail-training",
                            "disk.#": "2",
                            "disk.0.auto_delete": "true",
                            "disk.0.device_name": "",
                            "disk.0.disk": "",
                            "disk.0.disk_encryption_key_raw": "",
                            "disk.0.disk_encryption_key_sha256": "",
                            "disk.0.image": "debian-cloud/debian-8",
                            "disk.0.scratch": "false",
                            "disk.0.size": "0",
                            "disk.0.type": "",
                            "disk.1.auto_delete": "true",
                            "disk.1.device_name": "",
                            "disk.1.disk": "",
                            "disk.1.disk_encryption_key_raw": "",
                            "disk.1.disk_encryption_key_sha256": "",
                            "disk.1.image": "",
                            "disk.1.scratch": "true",
                            "disk.1.size": "0",
                            "disk.1.type": "local-ssd",
                            "id": "default",
                            "machine_type": "n1-standard-1",
                            "metadata.%": "0",
                            "metadata_fingerprint": "Wy-Y3GzaTeU=",
                            "name": "default",
                            "network.#": "0",
                            "network_interface.#": "1",
                            "network_interface.0.access_config.#": "0",
                            "network_interface.0.address": "10.146.0.2",
                            "network_interface.0.name": "nic0",
                            "network_interface.0.network": "default",
                            "network_interface.0.subnetwork": "",
                            "network_interface.0.subnetwork_project": "",
                            "self_link": "https://www.googleapis.com/compute/v1/projects/apt-mail-training/zones/asia-northeast1-b/instances/default",
                            "service_account.#": "0",
                            "tags.#": "3",
                            "tags.3060306774": "go",
                            "tags.3977278896": "internal-use-only",
                            "tags.769793097": "gophish",
                            "tags_fingerprint": "lEaIc5jf0uk=",
                            "zone": "asia-northeast1-b"
                        },
                        "meta": {
                            "schema_version": "2"
                        },
                        "tainted": false
                    },
                    "deposed": [],
                    "provider": ""
                }
            },
            "depends_on": []
        }
    ]
}
